
Microsoft Visual Studio Solution File, Format Version 12.00
# Visual Studio Version 17
VisualStudioVersion = 17.3.32929.385
MinimumVisualStudioVersion = 10.0.40219.1
Project("{FAE04EC0-301F-11D3-BF4B-00C04F79EFBC}") = "BiaHN", "BiaHN\BiaHN.csproj", "{F899F4F2-70F6-43E6-B3D7-F3A504C93B56}"
EndProject
Global
	GlobalSection(SolutionConfigurationPlatforms) = preSolution
		Debug|Any CPU = Debug|Any CPU
		Release|Any CPU = Release|Any CPU
	EndGlobalSection
	GlobalSection(ProjectConfigurationPlatforms) = postSolution
		{F899F4F2-70F6-43E6-B3D7-F3A504C93B56}.Debug|Any CPU.ActiveCfg = Debug|Any CPU
		{F899F4F2-70F6-43E6-B3D7-F3A504C93B56}.Debug|Any CPU.Build.0 = Debug|Any CPU
		{F899F4F2-70F6-43E6-B3D7-F3A504C93B56}.Release|Any CPU.ActiveCfg = Release|Any CPU
		{F899F4F2-70F6-43E6-B3D7-F3A504C93B56}.Release|Any CPU.Build.0 = Release|Any CPU
	EndGlobalSection
	GlobalSection(SolutionProperties) = preSolution
		HideSolutionNode = FALSE
	EndGlobalSection
	GlobalSection(ExtensibilityGlobals) = postSolution
		SolutionGuid = {FD9AFBCD-E42C-49A6-8498-A09C5B1F73C6}
	EndGlobalSection
EndGlobal
